
Microsoft Visual Studio Solution File, Format Version 12.00
# Visual Studio Version 16
VisualStudioVersion = 16.0.31911.196
MinimumVisualStudioVersion = 10.0.40219.1
Project("{8BC9CEB8-8B4A-11D0-8D11-00A0C91BC942}") = "Pointers.HW22", "Pointers.HW22\Pointers.HW22.vcxproj", "{57ADD750-B73C-44B0-9C50-4B24667F5206}"
EndProject
Global
	GlobalSection(SolutionConfigurationPlatforms) = preSolution
		Debug|x64 = Debug|x64
		Debug|x86 = Debug|x86
		Release|x64 = Release|x64
		Release|x86 = Release|x86
	EndGlobalSection
	GlobalSection(ProjectConfigurationPlatforms) = postSolution
		{57ADD750-B73C-44B0-9C50-4B24667F5206}.Debug|x64.ActiveCfg = Debug|x64
		{57ADD750-B73C-44B0-9C50-4B24667F5206}.Debug|x64.Build.0 = Debug|x64
		{57ADD750-B73C-44B0-9C50-4B24667F5206}.Debug|x86.ActiveCfg = Debug|Win32
		{57ADD750-B73C-44B0-9C50-4B24667F5206}.Debug|x86.Build.0 = Debug|Win32
		{57ADD750-B73C-44B0-9C50-4B24667F5206}.Release|x64.ActiveCfg = Release|x64
		{57ADD750-B73C-44B0-9C50-4B24667F5206}.Release|x64.Build.0 = Release|x64
		{57ADD750-B73C-44B0-9C50-4B24667F5206}.Release|x86.ActiveCfg = Release|Win32
		{57ADD750-B73C-44B0-9C50-4B24667F5206}.Release|x86.Build.0 = Release|Win32
	EndGlobalSection
	GlobalSection(SolutionProperties) = preSolution
		HideSolutionNode = FALSE
	EndGlobalSection
	GlobalSection(ExtensibilityGlobals) = postSolution
		SolutionGuid = {49BA477B-3E95-4358-B316-9C0C6CED33F0}
	EndGlobalSection
EndGlobal
